
Microsoft Visual Studio Solution File, Format Version 12.00
# Visual Studio 15
VisualStudioVersion = 15.0.28307.421
MinimumVisualStudioVersion = 10.0.40219.1
Project("{FAE04EC0-301F-11D3-BF4B-00C04F79EFBC}") = "TextBasedAdventure", "TextBasedAdventure\TextBasedAdventure.csproj", "{4EFC23AA-9E75-4268-9FEF-80F2C0A34DAB}"
EndProject
Project("{FAE04EC0-301F-11D3-BF4B-00C04F79EFBC}") = "Matrix", "Matrix\Matrix.csproj", "{1A06849F-4069-4F38-B74F-B86556F43D02}"
EndProject
Global
	GlobalSection(SolutionConfigurationPlatforms) = preSolution
		Debug|Any CPU = Debug|Any CPU
		Release|Any CPU = Release|Any CPU
	EndGlobalSection
	GlobalSection(ProjectConfigurationPlatforms) = postSolution
		{4EFC23AA-9E75-4268-9FEF-80F2C0A34DAB}.Debug|Any CPU.ActiveCfg = Debug|Any CPU
		{4EFC23AA-9E75-4268-9FEF-80F2C0A34DAB}.Debug|Any CPU.Build.0 = Debug|Any CPU
		{4EFC23AA-9E75-4268-9FEF-80F2C0A34DAB}.Release|Any CPU.ActiveCfg = Release|Any CPU
		{4EFC23AA-9E75-4268-9FEF-80F2C0A34DAB}.Release|Any CPU.Build.0 = Release|Any CPU
		{1A06849F-4069-4F38-B74F-B86556F43D02}.Debug|Any CPU.ActiveCfg = Debug|Any CPU
		{1A06849F-4069-4F38-B74F-B86556F43D02}.Debug|Any CPU.Build.0 = Debug|Any CPU
		{1A06849F-4069-4F38-B74F-B86556F43D02}.Release|Any CPU.ActiveCfg = Release|Any CPU
		{1A06849F-4069-4F38-B74F-B86556F43D02}.Release|Any CPU.Build.0 = Release|Any CPU
	EndGlobalSection
	GlobalSection(SolutionProperties) = preSolution
		HideSolutionNode = FALSE
	EndGlobalSection
	GlobalSection(ExtensibilityGlobals) = postSolution
		SolutionGuid = {6A783BEA-EAEC-4E20-B677-4CE1CCFD9388}
	EndGlobalSection
EndGlobal
